
Microsoft Visual Studio Solution File, Format Version 12.00
# Visual Studio Version 16
VisualStudioVersion = 16.0.31005.135
MinimumVisualStudioVersion = 10.0.40219.1
Project("{2150E333-8FDC-42A3-9474-1A3956D46DE8}") = "src", "src", "{46728E2F-3199-4EDC-9643-9AC765E60F74}"
EndProject
Project("{9A19103F-16F7-4668-BE54-9A1E7A4F7556}") = "Redpier.Domain", "src\domain\Redpier.Domain.csproj", "{FECE3EA3-DA1D-4FEC-8839-FEDB7637E540}"
EndProject
Project("{9A19103F-16F7-4668-BE54-9A1E7A4F7556}") = "Redpier.Application", "src\application\Redpier.Application.csproj", "{4DCD8944-A077-4E74-A7C0-5FC016E1EEB1}"
EndProject
Project("{9A19103F-16F7-4668-BE54-9A1E7A4F7556}") = "Redpier.Infrastructure", "src\infrastructure\Redpier.Infrastructure.csproj", "{6EF40370-4605-4303-B075-1390683DE922}"
EndProject
Project("{9A19103F-16F7-4668-BE54-9A1E7A4F7556}") = "Redpier.Web.API", "src\api\Redpier.Web.API.csproj", "{8B716BA7-C83A-4D68-9658-28DFE1902639}"
EndProject
Project("{9A19103F-16F7-4668-BE54-9A1E7A4F7556}") = "Redpier.WebUI.Client", "src\webUI\Client\Redpier.WebUI.Client.csproj", "{1385DEF4-9403-4A38-805F-E865424649A5}"
EndProject
Project("{9A19103F-16F7-4668-BE54-9A1E7A4F7556}") = "Redpier.Shared", "src\shared\Redpier.Shared.csproj", "{094ADEF8-297E-4BF4-8791-99CAF46A2ECA}"
EndProject
Global
	GlobalSection(SolutionConfigurationPlatforms) = preSolution
		Debug|Any CPU = Debug|Any CPU
		Release|Any CPU = Release|Any CPU
	EndGlobalSection
	GlobalSection(ProjectConfigurationPlatforms) = postSolution
		{FECE3EA3-DA1D-4FEC-8839-FEDB7637E540}.Debug|Any CPU.ActiveCfg = Debug|Any CPU
		{FECE3EA3-DA1D-4FEC-8839-FEDB7637E540}.Debug|Any CPU.Build.0 = Debug|Any CPU
		{FECE3EA3-DA1D-4FEC-8839-FEDB7637E540}.Release|Any CPU.ActiveCfg = Release|Any CPU
		{FECE3EA3-DA1D-4FEC-8839-FEDB7637E540}.Release|Any CPU.Build.0 = Release|Any CPU
		{4DCD8944-A077-4E74-A7C0-5FC016E1EEB1}.Debug|Any CPU.ActiveCfg = Debug|Any CPU
		{4DCD8944-A077-4E74-A7C0-5FC016E1EEB1}.Debug|Any CPU.Build.0 = Debug|Any CPU
		{4DCD8944-A077-4E74-A7C0-5FC016E1EEB1}.Release|Any CPU.ActiveCfg = Release|Any CPU
		{4DCD8944-A077-4E74-A7C0-5FC016E1EEB1}.Release|Any CPU.Build.0 = Release|Any CPU
		{6EF40370-4605-4303-B075-1390683DE922}.Debug|Any CPU.ActiveCfg = Debug|Any CPU
		{6EF40370-4605-4303-B075-1390683DE922}.Debug|Any CPU.Build.0 = Debug|Any CPU
		{6EF40370-4605-4303-B075-1390683DE922}.Release|Any CPU.ActiveCfg = Release|Any CPU
		{6EF40370-4605-4303-B075-1390683DE922}.Release|Any CPU.Build.0 = Release|Any CPU
		{8B716BA7-C83A-4D68-9658-28DFE1902639}.Debug|Any CPU.ActiveCfg = Debug|Any CPU
		{8B716BA7-C83A-4D68-9658-28DFE1902639}.Debug|Any CPU.Build.0 = Debug|Any CPU
		{8B716BA7-C83A-4D68-9658-28DFE1902639}.Release|Any CPU.ActiveCfg = Release|Any CPU
		{8B716BA7-C83A-4D68-9658-28DFE1902639}.Release|Any CPU.Build.0 = Release|Any CPU
		{1385DEF4-9403-4A38-805F-E865424649A5}.Debug|Any CPU.ActiveCfg = Debug|Any CPU
		{1385DEF4-9403-4A38-805F-E865424649A5}.Debug|Any CPU.Build.0 = Debug|Any CPU
		{1385DEF4-9403-4A38-805F-E865424649A5}.Release|Any CPU.ActiveCfg = Release|Any CPU
		{1385DEF4-9403-4A38-805F-E865424649A5}.Release|Any CPU.Build.0 = Release|Any CPU
		{094ADEF8-297E-4BF4-8791-99CAF46A2ECA}.Debug|Any CPU.ActiveCfg = Debug|Any CPU
		{094ADEF8-297E-4BF4-8791-99CAF46A2ECA}.Debug|Any CPU.Build.0 = Debug|Any CPU
		{094ADEF8-297E-4BF4-8791-99CAF46A2ECA}.Release|Any CPU.ActiveCfg = Release|Any CPU
		{094ADEF8-297E-4BF4-8791-99CAF46A2ECA}.Release|Any CPU.Build.0 = Release|Any CPU
	EndGlobalSection
	GlobalSection(SolutionProperties) = preSolution
		HideSolutionNode = FALSE
	EndGlobalSection
	GlobalSection(NestedProjects) = preSolution
		{FECE3EA3-DA1D-4FEC-8839-FEDB7637E540} = {46728E2F-3199-4EDC-9643-9AC765E60F74}
		{4DCD8944-A077-4E74-A7C0-5FC016E1EEB1} = {46728E2F-3199-4EDC-9643-9AC765E60F74}
		{6EF40370-4605-4303-B075-1390683DE922} = {46728E2F-3199-4EDC-9643-9AC765E60F74}
		{8B716BA7-C83A-4D68-9658-28DFE1902639} = {46728E2F-3199-4EDC-9643-9AC765E60F74}
		{1385DEF4-9403-4A38-805F-E865424649A5} = {46728E2F-3199-4EDC-9643-9AC765E60F74}
		{094ADEF8-297E-4BF4-8791-99CAF46A2ECA} = {46728E2F-3199-4EDC-9643-9AC765E60F74}
	EndGlobalSection
	GlobalSection(ExtensibilityGlobals) = postSolution
		SolutionGuid = {208E5485-532F-42EF-A1A8-25B1BD1DA6C3}
	EndGlobalSection
EndGlobal
